// !$*UTF8*$!
{
	archiveVersion = 1;
	classes = {
	};
	objectVersion = 56;
	objects = {

/* Begin PBXBuildFile section */
		3C053C8D29A308780065CE4B /* AppDelegate.swift in Sources */ = {isa = PBXBuildFile; fileRef = 3C053C8C29A308780065CE4B /* AppDelegate.swift */; };
		3C053C8F29A308780065CE4B /* SceneDelegate.swift in Sources */ = {isa = PBXBuildFile; fileRef = 3C053C8E29A308780065CE4B /* SceneDelegate.swift */; };
		3C053C9129A308780065CE4B /* ViewController.swift in Sources */ = {isa = PBXBuildFile; fileRef = 3C053C9029A308780065CE4B /* ViewController.swift */; };
		3C053C9429A308780065CE4B /* Main.storyboard in Resources */ = {isa = PBXBuildFile; fileRef = 3C053C9229A308780065CE4B /* Main.storyboard */; };
		3C053C9629A308790065CE4B /* Assets.xcassets in Resources */ = {isa = PBXBuildFile; fileRef = 3C053C9529A308790065CE4B /* Assets.xcassets */; };
		3C053C9929A308790065CE4B /* LaunchScreen.storyboard in Resources */ = {isa = PBXBuildFile; fileRef = 3C053C9729A308790065CE4B /* LaunchScreen.storyboard */; };
		3C053CA429A308790065CE4B /* Lokalise_iOS_DemoTests.swift in Sources */ = {isa = PBXBuildFile; fileRef = 3C053CA329A308790065CE4B /* Lokalise_iOS_DemoTests.swift */; };
		3C053CAE29A308790065CE4B /* Lokalise_iOS_DemoUITests.swift in Sources */ = {isa = PBXBuildFile; fileRef = 3C053CAD29A308790065CE4B /* Lokalise_iOS_DemoUITests.swift */; };
		3C053CB029A308790065CE4B /* Lokalise_iOS_DemoUITestsLaunchTests.swift in Sources */ = {isa = PBXBuildFile; fileRef = 3C053CAF29A308790065CE4B /* Lokalise_iOS_DemoUITestsLaunchTests.swift */; };
		3C053CC329A30A1F0065CE4B /* Lokalise.xcframework in Frameworks */ = {isa = PBXBuildFile; fileRef = 3C053CC229A30A1F0065CE4B /* Lokalise.xcframework */; };
		3C053CC629A30E500065CE4B /* FlexLayout in Frameworks */ = {isa = PBXBuildFile; productRef = 3C053CC529A30E500065CE4B /* FlexLayout */; };
		3C053CC929A30EC20065CE4B /* PinLayout in Frameworks */ = {isa = PBXBuildFile; productRef = 3C053CC829A30EC20065CE4B /* PinLayout */; };
		3C053CD029A314B20065CE4B /* Localizable.strings in Resources */ = {isa = PBXBuildFile; fileRef = 3C053CD229A314B20065CE4B /* Localizable.strings */; };
/* End PBXBuildFile section */

/* Begin PBXContainerItemProxy section */
		3C053CA029A308790065CE4B /* PBXContainerItemProxy */ = {
			isa = PBXContainerItemProxy;
			containerPortal = 3C053C8129A308780065CE4B /* Project object */;
			proxyType = 1;
			remoteGlobalIDString = 3C053C8829A308780065CE4B;
			remoteInfo = "Lokalise-iOS-Demo";
		};
		3C053CAA29A308790065CE4B /* PBXContainerItemProxy */ = {
			isa = PBXContainerItemProxy;
			containerPortal = 3C053C8129A308780065CE4B /* Project object */;
			proxyType = 1;
			remoteGlobalIDString = 3C053C8829A308780065CE4B;
			remoteInfo = "Lokalise-iOS-Demo";
		};
/* End PBXContainerItemProxy section */

/* Begin PBXFileReference section */
		3C053C8929A308780065CE4B /* Lokalise-iOS-Demo.app */ = {isa = PBXFileReference; explicitFileType = wrapper.application; includeInIndex = 0; path = "Lokalise-iOS-Demo.app"; sourceTree = BUILT_PRODUCTS_DIR; };
		3C053C8C29A308780065CE4B /* AppDelegate.swift */ = {isa = PBXFileReference; lastKnownFileType = sourcecode.swift; path = AppDelegate.swift; sourceTree = "<group>"; };
		3C053C8E29A308780065CE4B /* SceneDelegate.swift */ = {isa = PBXFileReference; lastKnownFileType = sourcecode.swift; path = SceneDelegate.swift; sourceTree = "<group>"; };
		3C053C9029A308780065CE4B /* ViewController.swift */ = {isa = PBXFileReference; lastKnownFileType = sourcecode.swift; path = ViewController.swift; sourceTree = "<group>"; };
		3C053C9529A308790065CE4B /* Assets.xcassets */ = {isa = PBXFileReference; lastKnownFileType = folder.assetcatalog; path = Assets.xcassets; sourceTree = "<group>"; };
		3C053C9A29A308790065CE4B /* Info.plist */ = {isa = PBXFileReference; lastKnownFileType = text.plist.xml; path = Info.plist; sourceTree = "<group>"; };
		3C053C9F29A308790065CE4B /* Lokalise-iOS-DemoTests.xctest */ = {isa = PBXFileReference; explicitFileType = wrapper.cfbundle; includeInIndex = 0; path = "Lokalise-iOS-DemoTests.xctest"; sourceTree = BUILT_PRODUCTS_DIR; };
		3C053CA329A308790065CE4B /* Lokalise_iOS_DemoTests.swift */ = {isa = PBXFileReference; lastKnownFileType = sourcecode.swift; path = Lokalise_iOS_DemoTests.swift; sourceTree = "<group>"; };
		3C053CA929A308790065CE4B /* Lokalise-iOS-DemoUITests.xctest */ = {isa = PBXFileReference; explicitFileType = wrapper.cfbundle; includeInIndex = 0; path = "Lokalise-iOS-DemoUITests.xctest"; sourceTree = BUILT_PRODUCTS_DIR; };
		3C053CAD29A308790065CE4B /* Lokalise_iOS_DemoUITests.swift */ = {isa = PBXFileReference; lastKnownFileType = sourcecode.swift; path = Lokalise_iOS_DemoUITests.swift; sourceTree = "<group>"; };
		3C053CAF29A308790065CE4B /* Lokalise_iOS_DemoUITestsLaunchTests.swift */ = {isa = PBXFileReference; lastKnownFileType = sourcecode.swift; path = Lokalise_iOS_DemoUITestsLaunchTests.swift; sourceTree = "<group>"; };
		3C053CC229A30A1F0065CE4B /* Lokalise.xcframework */ = {isa = PBXFileReference; lastKnownFileType = wrapper.xcframework; path = Lokalise.xcframework; sourceTree = "<group>"; };
		3C053CD129A314B20065CE4B /* en */ = {isa = PBXFileReference; lastKnownFileType = text.plist.strings; name = en; path = en.lproj/Localizable.strings; sourceTree = "<group>"; };
		3C053CD729A352EB0065CE4B /* en_SG */ = {isa = PBXFileReference; lastKnownFileType = text.plist.strings; name = en_SG; path = en_SG.lproj/Localizable.strings; sourceTree = "<group>"; };
		3C053CD929A368BC0065CE4B /* en_SG */ = {isa = PBXFileReference; lastKnownFileType = file.storyboard; name = en_SG; path = en_SG.lproj/LaunchScreen.storyboard; sourceTree = "<group>"; };
		3C053CDA29A368BC0065CE4B /* en */ = {isa = PBXFileReference; lastKnownFileType = file.storyboard; name = en; path = en.lproj/LaunchScreen.storyboard; sourceTree = "<group>"; };
		3C053CDE29A368CD0065CE4B /* en_SG */ = {isa = PBXFileReference; lastKnownFileType = file.storyboard; name = en_SG; path = en_SG.lproj/Main.storyboard; sourceTree = "<group>"; };
		3C053CDF29A368DF0065CE4B /* en */ = {isa = PBXFileReference; lastKnownFileType = file.storyboard; name = en; path = en.lproj/Main.storyboard; sourceTree = "<group>"; };
		3C053CE029A369340065CE4B /* en-US */ = {isa = PBXFileReference; lastKnownFileType = file.storyboard; name = "en-US"; path = "en-US.lproj/Main.storyboard"; sourceTree = "<group>"; };
		3C053CE129A369340065CE4B /* en-US */ = {isa = PBXFileReference; lastKnownFileType = file.storyboard; name = "en-US"; path = "en-US.lproj/LaunchScreen.storyboard"; sourceTree = "<group>"; };
		3C55FFAA2A27224B00371172 /* zh-Hans-SG */ = {isa = PBXFileReference; lastKnownFileType = file.storyboard; name = "zh-Hans-SG"; path = "zh-Hans-SG.lproj/Main.storyboard"; sourceTree = "<group>"; };
		3C55FFAB2A27224B00371172 /* zh-Hans-SG */ = {isa = PBXFileReference; lastKnownFileType = file.storyboard; name = "zh-Hans-SG"; path = "zh-Hans-SG.lproj/LaunchScreen.storyboard"; sourceTree = "<group>"; };
		3C55FFAC2A27224B00371172 /* zh-Hans-SG */ = {isa = PBXFileReference; lastKnownFileType = text.plist.strings; name = "zh-Hans-SG"; path = "zh-Hans-SG.lproj/Localizable.strings"; sourceTree = "<group>"; };
		3C55FFAD2A27227100371172 /* zh-Hant-HK */ = {isa = PBXFileReference; lastKnownFileType = file.storyboard; name = "zh-Hant-HK"; path = "zh-Hant-HK.lproj/Main.storyboard"; sourceTree = "<group>"; };
		3C55FFAE2A27227100371172 /* zh-Hant-HK */ = {isa = PBXFileReference; lastKnownFileType = file.storyboard; name = "zh-Hant-HK"; path = "zh-Hant-HK.lproj/LaunchScreen.storyboard"; sourceTree = "<group>"; };
		3C55FFAF2A27227200371172 /* zh-Hant-HK */ = {isa = PBXFileReference; lastKnownFileType = text.plist.strings; name = "zh-Hant-HK"; path = "zh-Hant-HK.lproj/Localizable.strings"; sourceTree = "<group>"; };
/* End PBXFileReference section */

/* Begin PBXFrameworksBuildPhase section */
		3C053C8629A308780065CE4B /* Frameworks */ = {
			isa = PBXFrameworksBuildPhase;
			buildActionMask = 2147483647;
			files = (
				3C053CC929A30EC20065CE4B /* PinLayout in Frameworks */,
				3C053CC329A30A1F0065CE4B /* Lokalise.xcframework in Frameworks */,
				3C053CC629A30E500065CE4B /* FlexLayout in Frameworks */,
			);
			runOnlyForDeploymentPostprocessing = 0;
		};
		3C053C9C29A308790065CE4B /* Frameworks */ = {
			isa = PBXFrameworksBuildPhase;
			buildActionMask = 2147483647;
			files = (
			);
			runOnlyForDeploymentPostprocessing = 0;
		};
		3C053CA629A308790065CE4B /* Frameworks */ = {
			isa = PBXFrameworksBuildPhase;
			buildActionMask = 2147483647;
			files = (
			);
			runOnlyForDeploymentPostprocessing = 0;
		};
/* End PBXFrameworksBuildPhase section */

/* Begin PBXGroup section */
		3C053C8029A308780065CE4B = {
			isa = PBXGroup;
			children = (
				3C053C8B29A308780065CE4B /* Lokalise-iOS-Demo */,
				3C053CA229A308790065CE4B /* Lokalise-iOS-DemoTests */,
				3C053CAC29A308790065CE4B /* Lokalise-iOS-DemoUITests */,
				3C053C8A29A308780065CE4B /* Products */,
				3C053CBC29A309F40065CE4B /* Frameworks */,
			);
			sourceTree = "<group>";
		};
		3C053C8A29A308780065CE4B /* Products */ = {
			isa = PBXGroup;
			children = (
				3C053C8929A308780065CE4B /* Lokalise-iOS-Demo.app */,
				3C053C9F29A308790065CE4B /* Lokalise-iOS-DemoTests.xctest */,
				3C053CA929A308790065CE4B /* Lokalise-iOS-DemoUITests.xctest */,
			);
			name = Products;
			sourceTree = "<group>";
		};
		3C053C8B29A308780065CE4B /* Lokalise-iOS-Demo */ = {
			isa = PBXGroup;
			children = (
				3C053C8C29A308780065CE4B /* AppDelegate.swift */,
				3C053C8E29A308780065CE4B /* SceneDelegate.swift */,
				3C053C9029A308780065CE4B /* ViewController.swift */,
				3C053C9229A308780065CE4B /* Main.storyboard */,
				3C053C9529A308790065CE4B /* Assets.xcassets */,
				3C053C9729A308790065CE4B /* LaunchScreen.storyboard */,
				3C053C9A29A308790065CE4B /* Info.plist */,
				3C053CD229A314B20065CE4B /* Localizable.strings */,
			);
			path = "Lokalise-iOS-Demo";
			sourceTree = "<group>";
		};
		3C053CA229A308790065CE4B /* Lokalise-iOS-DemoTests */ = {
			isa = PBXGroup;
			children = (
				3C053CA329A308790065CE4B /* Lokalise_iOS_DemoTests.swift */,
			);
			path = "Lokalise-iOS-DemoTests";
			sourceTree = "<group>";
		};
		3C053CAC29A308790065CE4B /* Lokalise-iOS-DemoUITests */ = {
			isa = PBXGroup;
			children = (
				3C053CAD29A308790065CE4B /* Lokalise_iOS_DemoUITests.swift */,
				3C053CAF29A308790065CE4B /* Lokalise_iOS_DemoUITestsLaunchTests.swift */,
			);
			path = "Lokalise-iOS-DemoUITests";
			sourceTree = "<group>";
		};
		3C053CBC29A309F40065CE4B /* Frameworks */ = {
			isa = PBXGroup;
			children = (
				3C053CC229A30A1F0065CE4B /* Lokalise.xcframework */,
			);
			name = Frameworks;
			sourceTree = "<group>";
		};
/* End PBXGroup section */

/* Begin PBXNativeTarget section */
		3C053C8829A308780065CE4B /* Lokalise-iOS-Demo */ = {
			isa = PBXNativeTarget;
			buildConfigurationList = 3C053CB329A308790065CE4B /* Build configuration list for PBXNativeTarget "Lokalise-iOS-Demo" */;
			buildPhases = (
				3C053C8529A308780065CE4B /* Sources */,
				3C053C8629A308780065CE4B /* Frameworks */,
				3C053C8729A308780065CE4B /* Resources */,
			);
			buildRules = (
			);
			dependencies = (
			);
			name = "Lokalise-iOS-Demo";
			packageProductDependencies = (
				3C053CC529A30E500065CE4B /* FlexLayout */,
				3C053CC829A30EC20065CE4B /* PinLayout */,
			);
			productName = "Lokalise-iOS-Demo";
			productReference = 3C053C8929A308780065CE4B /* Lokalise-iOS-Demo.app */;
			productType = "com.apple.product-type.application";
		};
		3C053C9E29A308790065CE4B /* Lokalise-iOS-DemoTests */ = {
			isa = PBXNativeTarget;
			buildConfigurationList = 3C053CB629A308790065CE4B /* Build configuration list for PBXNativeTarget "Lokalise-iOS-DemoTests" */;
			buildPhases = (
				3C053C9B29A308790065CE4B /* Sources */,
				3C053C9C29A308790065CE4B /* Frameworks */,
				3C053C9D29A308790065CE4B /* Resources */,
			);
			buildRules = (
			);
			dependencies = (
				3C053CA129A308790065CE4B /* PBXTargetDependency */,
			);
			name = "Lokalise-iOS-DemoTests";
			productName = "Lokalise-iOS-DemoTests";
			productReference = 3C053C9F29A308790065CE4B /* Lokalise-iOS-DemoTests.xctest */;
			productType = "com.apple.product-type.bundle.unit-test";
		};
		3C053CA829A308790065CE4B /* Lokalise-iOS-DemoUITests */ = {
			isa = PBXNativeTarget;
			buildConfigurationList = 3C053CB929A308790065CE4B /* Build configuration list for PBXNativeTarget "Lokalise-iOS-DemoUITests" */;
			buildPhases = (
				3C053CA529A308790065CE4B /* Sources */,
				3C053CA629A308790065CE4B /* Frameworks */,
				3C053CA729A308790065CE4B /* Resources */,
			);
			buildRules = (
			);
			dependencies = (
				3C053CAB29A308790065CE4B /* PBXTargetDependency */,
			);
			name = "Lokalise-iOS-DemoUITests";
			productName = "Lokalise-iOS-DemoUITests";
			productReference = 3C053CA929A308790065CE4B /* Lokalise-iOS-DemoUITests.xctest */;
			productType = "com.apple.product-type.bundle.ui-testing";
		};
/* End PBXNativeTarget section */

/* Begin PBXProject section */
		3C053C8129A308780065CE4B /* Project object */ = {
			isa = PBXProject;
			attributes = {
				BuildIndependentTargetsInParallel = 1;
				LastSwiftUpdateCheck = 1420;
				LastUpgradeCheck = 1420;
				TargetAttributes = {
					3C053C8829A308780065CE4B = {
						CreatedOnToolsVersion = 14.2;
					};
					3C053C9E29A308790065CE4B = {
						CreatedOnToolsVersion = 14.2;
						TestTargetID = 3C053C8829A308780065CE4B;
					};
					3C053CA829A308790065CE4B = {
						CreatedOnToolsVersion = 14.2;
						TestTargetID = 3C053C8829A308780065CE4B;
					};
				};
			};
			buildConfigurationList = 3C053C8429A308780065CE4B /* Build configuration list for PBXProject "Lokalise-iOS-Demo" */;
			compatibilityVersion = "Xcode 14.0";
			developmentRegion = en;
			hasScannedForEncodings = 0;
			knownRegions = (
				en,
				en_SG,
				"en-US",
				"zh-Hans-SG",
				"zh-Hant-HK",
			);
			mainGroup = 3C053C8029A308780065CE4B;
			packageReferences = (
				3C053CC429A30E500065CE4B /* XCRemoteSwiftPackageReference "FlexLayout" */,
				3C053CC729A30EC20065CE4B /* XCRemoteSwiftPackageReference "PinLayout" */,
			);
			productRefGroup = 3C053C8A29A308780065CE4B /* Products */;
			projectDirPath = "";
			projectRoot = "";
			targets = (
				3C053C8829A308780065CE4B /* Lokalise-iOS-Demo */,
				3C053C9E29A308790065CE4B /* Lokalise-iOS-DemoTests */,
				3C053CA829A308790065CE4B /* Lokalise-iOS-DemoUITests */,
			);
		};
/* End PBXProject section */

/* Begin PBXResourcesBuildPhase section */
		3C053C8729A308780065CE4B /* Resources */ = {
			isa = PBXResourcesBuildPhase;
			buildActionMask = 2147483647;
			files = (
				3C053C9929A308790065CE4B /* LaunchScreen.storyboard in Resources */,
				3C053CD029A314B20065CE4B /* Localizable.strings in Resources */,
				3C053C9629A308790065CE4B /* Assets.xcassets in Resources */,
				3C053C9429A308780065CE4B /* Main.storyboard in Resources */,
			);
			runOnlyForDeploymentPostprocessing = 0;
		};
		3C053C9D29A308790065CE4B /* Resources */ = {
			isa = PBXResourcesBuildPhase;
			buildActionMask = 2147483647;
			files = (
			);
			runOnlyForDeploymentPostprocessing = 0;
		};
		3C053CA729A308790065CE4B /* Resources */ = {
			isa = PBXResourcesBuildPhase;
			buildActionMask = 2147483647;
			files = (
			);
			runOnlyForDeploymentPostprocessing = 0;
		};
/* End PBXResourcesBuildPhase section */

/* Begin PBXSourcesBuildPhase section */
		3C053C8529A308780065CE4B /* Sources */ = {
			isa = PBXSourcesBuildPhase;
			buildActionMask = 2147483647;
			files = (
				3C053C9129A308780065CE4B /* ViewController.swift in Sources */,
				3C053C8D29A308780065CE4B /* AppDelegate.swift in Sources */,
				3C053C8F29A308780065CE4B /* SceneDelegate.swift in Sources */,
			);
			runOnlyForDeploymentPostprocessing = 0;
		};
		3C053C9B29A308790065CE4B /* Sources */ = {
			isa = PBXSourcesBuildPhase;
			buildActionMask = 2147483647;
			files = (
				3C053CA429A308790065CE4B /* Lokalise_iOS_DemoTests.swift in Sources */,
			);
			runOnlyForDeploymentPostprocessing = 0;
		};
		3C053CA529A308790065CE4B /* Sources */ = {
			isa = PBXSourcesBuildPhase;
			buildActionMask = 2147483647;
			files = (
				3C053CAE29A308790065CE4B /* Lokalise_iOS_DemoUITests.swift in Sources */,
				3C053CB029A308790065CE4B /* Lokalise_iOS_DemoUITestsLaunchTests.swift in Sources */,
			);
			runOnlyForDeploymentPostprocessing = 0;
		};
/* End PBXSourcesBuildPhase section */

/* Begin PBXTargetDependency section */
		3C053CA129A308790065CE4B /* PBXTargetDependency */ = {
			isa = PBXTargetDependency;
			target = 3C053C8829A308780065CE4B /* Lokalise-iOS-Demo */;
			targetProxy = 3C053CA029A308790065CE4B /* PBXContainerItemProxy */;
		};
		3C053CAB29A308790065CE4B /* PBXTargetDependency */ = {
			isa = PBXTargetDependency;
			target = 3C053C8829A308780065CE4B /* Lokalise-iOS-Demo */;
			targetProxy = 3C053CAA29A308790065CE4B /* PBXContainerItemProxy */;
		};
/* End PBXTargetDependency section */

/* Begin PBXVariantGroup section */
		3C053C9229A308780065CE4B /* Main.storyboard */ = {
			isa = PBXVariantGroup;
			children = (
				3C053CDE29A368CD0065CE4B /* en_SG */,
				3C053CDF29A368DF0065CE4B /* en */,
				3C053CE029A369340065CE4B /* en-US */,
				3C55FFAA2A27224B00371172 /* zh-Hans-SG */,
				3C55FFAD2A27227100371172 /* zh-Hant-HK */,
			);
			name = Main.storyboard;
			sourceTree = "<group>";
		};
		3C053C9729A308790065CE4B /* LaunchScreen.storyboard */ = {
			isa = PBXVariantGroup;
			children = (
				3C053CD929A368BC0065CE4B /* en_SG */,
				3C053CDA29A368BC0065CE4B /* en */,
				3C053CE129A369340065CE4B /* en-US */,
				3C55FFAB2A27224B00371172 /* zh-Hans-SG */,
				3C55FFAE2A27227100371172 /* zh-Hant-HK */,
			);
			name = LaunchScreen.storyboard;
			sourceTree = "<group>";
		};
		3C053CD229A314B20065CE4B /* Localizable.strings */ = {
			isa = PBXVariantGroup;
			children = (
				3C053CD129A314B20065CE4B /* en */,
				3C053CD729A352EB0065CE4B /* en_SG */,
				3C55FFAC2A27224B00371172 /* zh-Hans-SG */,
				3C55FFAF2A27227200371172 /* zh-Hant-HK */,
			);
			name = Localizable.strings;
			sourceTree = "<group>";
		};
/* End PBXVariantGroup section */

/* Begin XCBuildConfiguration section */
		3C053CB129A308790065CE4B /* Debug */ = {
			isa = XCBuildConfiguration;
			buildSettings = {
				ALWAYS_SEARCH_USER_PATHS = NO;
				CLANG_ANALYZER_LOCALIZABILITY_NONLOCALIZED = YES;
				CLANG_ANALYZER_NONNULL = YES;
				CLANG_ANALYZER_NUMBER_OBJECT_CONVERSION = YES_AGGRESSIVE;
				CLANG_CXX_LANGUAGE_STANDARD = "gnu++20";
				CLANG_ENABLE_MODULES = YES;
				CLANG_ENABLE_OBJC_ARC = YES;
				CLANG_ENABLE_OBJC_WEAK = YES;
				CLANG_WARN_BLOCK_CAPTURE_AUTORELEASING = YES;
				CLANG_WARN_BOOL_CONVERSION = YES;
				CLANG_WARN_COMMA = YES;
				CLANG_WARN_CONSTANT_CONVERSION = YES;
				CLANG_WARN_DEPRECATED_OBJC_IMPLEMENTATIONS = YES;
				CLANG_WARN_DIRECT_OBJC_ISA_USAGE = YES_ERROR;
				CLANG_WARN_DOCUMENTATION_COMMENTS = YES;
				CLANG_WARN_EMPTY_BODY = YES;
				CLANG_WARN_ENUM_CONVERSION = YES;
				CLANG_WARN_INFINITE_RECURSION = YES;
				CLANG_WARN_INT_CONVERSION = YES;
				CLANG_WARN_NON_LITERAL_NULL_CONVERSION = YES;
				CLANG_WARN_OBJC_IMPLICIT_RETAIN_SELF = YES;
				CLANG_WARN_OBJC_LITERAL_CONVERSION = YES;
				CLANG_WARN_OBJC_ROOT_CLASS = YES_ERROR;
				CLANG_WARN_QUOTED_INCLUDE_IN_FRAMEWORK_HEADER = YES;
				CLANG_WARN_RANGE_LOOP_ANALYSIS = YES;
				CLANG_WARN_STRICT_PROTOTYPES = YES;
				CLANG_WARN_SUSPICIOUS_MOVE = YES;
				CLANG_WARN_UNGUARDED_AVAILABILITY = YES_AGGRESSIVE;
				CLANG_WARN_UNREACHABLE_CODE = YES;
				CLANG_WARN__DUPLICATE_METHOD_MATCH = YES;
				COPY_PHASE_STRIP = NO;
				DEBUG_INFORMATION_FORMAT = dwarf;
				ENABLE_STRICT_OBJC_MSGSEND = YES;
				ENABLE_TESTABILITY = YES;
				GCC_C_LANGUAGE_STANDARD = gnu11;
				GCC_DYNAMIC_NO_PIC = NO;
				GCC_NO_COMMON_BLOCKS = YES;
				GCC_OPTIMIZATION_LEVEL = 0;
				GCC_PREPROCESSOR_DEFINITIONS = (
					"DEBUG=1",
					"$(inherited)",
				);
				GCC_WARN_64_TO_32_BIT_CONVERSION = YES;
				GCC_WARN_ABOUT_RETURN_TYPE = YES_ERROR;
				GCC_WARN_UNDECLARED_SELECTOR = YES;
				GCC_WARN_UNINITIALIZED_AUTOS = YES_AGGRESSIVE;
				GCC_WARN_UNUSED_FUNCTION = YES;
				GCC_WARN_UNUSED_VARIABLE = YES;
				IPHONEOS_DEPLOYMENT_TARGET = 16.2;
				MTL_ENABLE_DEBUG_INFO = INCLUDE_SOURCE;
				MTL_FAST_MATH = YES;
				ONLY_ACTIVE_ARCH = YES;
				SDKROOT = iphoneos;
				SWIFT_ACTIVE_COMPILATION_CONDITIONS = DEBUG;
				SWIFT_OPTIMIZATION_LEVEL = "-Onone";
			};
			name = Debug;
		};
		3C053CB229A308790065CE4B /* Release */ = {
			isa = XCBuildConfiguration;
			buildSettings = {
				ALWAYS_SEARCH_USER_PATHS = NO;
				CLANG_ANALYZER_LOCALIZABILITY_NONLOCALIZED = YES;
				CLANG_ANALYZER_NONNULL = YES;
				CLANG_ANALYZER_NUMBER_OBJECT_CONVERSION = YES_AGGRESSIVE;
				CLANG_CXX_LANGUAGE_STANDARD = "gnu++20";
				CLANG_ENABLE_MODULES = YES;
				CLANG_ENABLE_OBJC_ARC = YES;
				CLANG_ENABLE_OBJC_WEAK = YES;
				CLANG_WARN_BLOCK_CAPTURE_AUTORELEASING = YES;
				CLANG_WARN_BOOL_CONVERSION = YES;
				CLANG_WARN_COMMA = YES;
				CLANG_WARN_CONSTANT_CONVERSION = YES;
				CLANG_WARN_DEPRECATED_OBJC_IMPLEMENTATIONS = YES;
				CLANG_WARN_DIRECT_OBJC_ISA_USAGE = YES_ERROR;
				CLANG_WARN_DOCUMENTATION_COMMENTS = YES;
				CLANG_WARN_EMPTY_BODY = YES;
				CLANG_WARN_ENUM_CONVERSION = YES;
				CLANG_WARN_INFINITE_RECURSION = YES;
				CLANG_WARN_INT_CONVERSION = YES;
				CLANG_WARN_NON_LITERAL_NULL_CONVERSION = YES;
				CLANG_WARN_OBJC_IMPLICIT_RETAIN_SELF = YES;
				CLANG_WARN_OBJC_LITERAL_CONVERSION = YES;
				CLANG_WARN_OBJC_ROOT_CLASS = YES_ERROR;
				CLANG_WARN_QUOTED_INCLUDE_IN_FRAMEWORK_HEADER = YES;
				CLANG_WARN_RANGE_LOOP_ANALYSIS = YES;
				CLANG_WARN_STRICT_PROTOTYPES = YES;
				CLANG_WARN_SUSPICIOUS_MOVE = YES;
				CLANG_WARN_UNGUARDED_AVAILABILITY = YES_AGGRESSIVE;
				CLANG_WARN_UNREACHABLE_CODE = YES;
				CLANG_WARN__DUPLICATE_METHOD_MATCH = YES;
				COPY_PHASE_STRIP = NO;
				DEBUG_INFORMATION_FORMAT = "dwarf-with-dsym";
				ENABLE_NS_ASSERTIONS = NO;
				ENABLE_STRICT_OBJC_MSGSEND = YES;
				GCC_C_LANGUAGE_STANDARD = gnu11;
				GCC_NO_COMMON_BLOCKS = YES;
				GCC_WARN_64_TO_32_BIT_CONVERSION = YES;
				GCC_WARN_ABOUT_RETURN_TYPE = YES_ERROR;
				GCC_WARN_UNDECLARED_SELECTOR = YES;
				GCC_WARN_UNINITIALIZED_AUTOS = YES_AGGRESSIVE;
				GCC_WARN_UNUSED_FUNCTION = YES;
				GCC_WARN_UNUSED_VARIABLE = YES;
				IPHONEOS_DEPLOYMENT_TARGET = 16.2;
				MTL_ENABLE_DEBUG_INFO = NO;
				MTL_FAST_MATH = YES;
				SDKROOT = iphoneos;
				SWIFT_COMPILATION_MODE = wholemodule;
				SWIFT_OPTIMIZATION_LEVEL = "-O";
				VALIDATE_PRODUCT = YES;
			};
			name = Release;
		};
		3C053CB429A308790065CE4B /* Debug */ = {
			isa = XCBuildConfiguration;
			buildSettings = {
				ASSETCATALOG_COMPILER_APPICON_NAME = AppIcon;
				ASSETCATALOG_COMPILER_GLOBAL_ACCENT_COLOR_NAME = AccentColor;
				CODE_SIGN_STYLE = Automatic;
				CURRENT_PROJECT_VERSION = 1;
				"GCC_PREPROCESSOR_DEFINITIONS[arch=*]" = "FLEXLAYOUT_SWIFT_PACKAGE=1";
				GENERATE_INFOPLIST_FILE = YES;
				INFOPLIST_FILE = "Lokalise-iOS-Demo/Info.plist";
				INFOPLIST_KEY_UIApplicationSupportsIndirectInputEvents = YES;
				INFOPLIST_KEY_UILaunchStoryboardName = LaunchScreen;
				INFOPLIST_KEY_UIMainStoryboardFile = Main;
				INFOPLIST_KEY_UISupportedInterfaceOrientations_iPad = "UIInterfaceOrientationPortrait UIInterfaceOrientationPortraitUpsideDown UIInterfaceOrientationLandscapeLeft UIInterfaceOrientationLandscapeRight";
				INFOPLIST_KEY_UISupportedInterfaceOrientations_iPhone = "UIInterfaceOrientationPortrait UIInterfaceOrientationLandscapeLeft UIInterfaceOrientationLandscapeRight";
				LD_RUNPATH_SEARCH_PATHS = (
					"$(inherited)",
					"@executable_path/Frameworks",
				);
				MARKETING_VERSION = 1.0;
				PRODUCT_BUNDLE_IDENTIFIER = "com.test.Lokalise-iOS-Demo";
				PRODUCT_NAME = "$(TARGET_NAME)";
				SWIFT_EMIT_LOC_STRINGS = YES;
				SWIFT_VERSION = 5.0;
				TARGETED_DEVICE_FAMILY = "1,2";
			};
			name = Debug;
		};
		3C053CB529A308790065CE4B /* Release */ = {
			isa = XCBuildConfiguration;
			buildSettings = {
				ASSETCATALOG_COMPILER_APPICON_NAME = AppIcon;
				ASSETCATALOG_COMPILER_GLOBAL_ACCENT_COLOR_NAME = AccentColor;
				CODE_SIGN_STYLE = Automatic;
				CURRENT_PROJECT_VERSION = 1;
				GENERATE_INFOPLIST_FILE = YES;
				INFOPLIST_FILE = "Lokalise-iOS-Demo/Info.plist";
				INFOPLIST_KEY_UIApplicationSupportsIndirectInputEvents = YES;
				INFOPLIST_KEY_UILaunchStoryboardName = LaunchScreen;
				INFOPLIST_KEY_UIMainStoryboardFile = Main;
				INFOPLIST_KEY_UISupportedInterfaceOrientations_iPad = "UIInterfaceOrientationPortrait UIInterfaceOrientationPortraitUpsideDown UIInterfaceOrientationLandscapeLeft UIInterfaceOrientationLandscapeRight";
				INFOPLIST_KEY_UISupportedInterfaceOrientations_iPhone = "UIInterfaceOrientationPortrait UIInterfaceOrientationLandscapeLeft UIInterfaceOrientationLandscapeRight";
				LD_RUNPATH_SEARCH_PATHS = (
					"$(inherited)",
					"@executable_path/Frameworks",
				);
				MARKETING_VERSION = 1.0;
				PRODUCT_BUNDLE_IDENTIFIER = "com.test.Lokalise-iOS-Demo";
				PRODUCT_NAME = "$(TARGET_NAME)";
				SWIFT_EMIT_LOC_STRINGS = YES;
				SWIFT_VERSION = 5.0;
				TARGETED_DEVICE_FAMILY = "1,2";
			};
			name = Release;
		};
		3C053CB729A308790065CE4B /* Debug */ = {
			isa = XCBuildConfiguration;
			buildSettings = {
				ALWAYS_EMBED_SWIFT_STANDARD_LIBRARIES = YES;
				BUNDLE_LOADER = "$(TEST_HOST)";
				CODE_SIGN_STYLE = Automatic;
				CURRENT_PROJECT_VERSION = 1;
				GENERATE_INFOPLIST_FILE = YES;
				IPHONEOS_DEPLOYMENT_TARGET = 16.2;
				MARKETING_VERSION = 1.0;
				PRODUCT_BUNDLE_IDENTIFIER = "com.test.Lokalise-iOS-DemoTests";
				PRODUCT_NAME = "$(TARGET_NAME)";
				SWIFT_EMIT_LOC_STRINGS = NO;
				SWIFT_VERSION = 5.0;
				TARGETED_DEVICE_FAMILY = "1,2";
				TEST_HOST = "$(BUILT_PRODUCTS_DIR)/Lokalise-iOS-Demo.app/$(BUNDLE_EXECUTABLE_FOLDER_PATH)/Lokalise-iOS-Demo";
			};
			name = Debug;
		};
		3C053CB829A308790065CE4B /* Release */ = {
			isa = XCBuildConfiguration;
			buildSettings = {
				ALWAYS_EMBED_SWIFT_STANDARD_LIBRARIES = YES;
				BUNDLE_LOADER = "$(TEST_HOST)";
				CODE_SIGN_STYLE = Automatic;
				CURRENT_PROJECT_VERSION = 1;
				GENERATE_INFOPLIST_FILE = YES;
				IPHONEOS_DEPLOYMENT_TARGET = 16.2;
				MARKETING_VERSION = 1.0;
				PRODUCT_BUNDLE_IDENTIFIER = "com.test.Lokalise-iOS-DemoTests";
				PRODUCT_NAME = "$(TARGET_NAME)";
				SWIFT_EMIT_LOC_STRINGS = NO;
				SWIFT_VERSION = 5.0;
				TARGETED_DEVICE_FAMILY = "1,2";
				TEST_HOST = "$(BUILT_PRODUCTS_DIR)/Lokalise-iOS-Demo.app/$(BUNDLE_EXECUTABLE_FOLDER_PATH)/Lokalise-iOS-Demo";
			};
			name = Release;
		};
		3C053CBA29A308790065CE4B /* Debug */ = {
			isa = XCBuildConfiguration;
			buildSettings = {
				ALWAYS_EMBED_SWIFT_STANDARD_LIBRARIES = YES;
				CODE_SIGN_STYLE = Automatic;
				CURRENT_PROJECT_VERSION = 1;
				GENERATE_INFOPLIST_FILE = YES;
				MARKETING_VERSION = 1.0;
				PRODUCT_BUNDLE_IDENTIFIER = "com.test.Lokalise-iOS-DemoUITests";
				PRODUCT_NAME = "$(TARGET_NAME)";
				SWIFT_EMIT_LOC_STRINGS = NO;
				SWIFT_VERSION = 5.0;
				TARGETED_DEVICE_FAMILY = "1,2";
				TEST_TARGET_NAME = "Lokalise-iOS-Demo";
			};
			name = Debug;
		};
		3C053CBB29A308790065CE4B /* Release */ = {
			isa = XCBuildConfiguration;
			buildSettings = {
				ALWAYS_EMBED_SWIFT_STANDARD_LIBRARIES = YES;
				CODE_SIGN_STYLE = Automatic;
				CURRENT_PROJECT_VERSION = 1;
				GENERATE_INFOPLIST_FILE = YES;
				MARKETING_VERSION = 1.0;
				PRODUCT_BUNDLE_IDENTIFIER = "com.test.Lokalise-iOS-DemoUITests";
				PRODUCT_NAME = "$(TARGET_NAME)";
				SWIFT_EMIT_LOC_STRINGS = NO;
				SWIFT_VERSION = 5.0;
				TARGETED_DEVICE_FAMILY = "1,2";
				TEST_TARGET_NAME = "Lokalise-iOS-Demo";
			};
			name = Release;
		};
/* End XCBuildConfiguration section */

/* Begin XCConfigurationList section */
		3C053C8429A308780065CE4B /* Build configuration list for PBXProject "Lokalise-iOS-Demo" */ = {
			isa = XCConfigurationList;
			buildConfigurations = (
				3C053CB129A308790065CE4B /* Debug */,
				3C053CB229A308790065CE4B /* Release */,
			);
			defaultConfigurationIsVisible = 0;
			defaultConfigurationName = Release;
		};
		3C053CB329A308790065CE4B /* Build configuration list for PBXNativeTarget "Lokalise-iOS-Demo" */ = {
			isa = XCConfigurationList;
			buildConfigurations = (
				3C053CB429A308790065CE4B /* Debug */,
				3C053CB529A308790065CE4B /* Release */,
			);
			defaultConfigurationIsVisible = 0;
			defaultConfigurationName = Release;
		};
		3C053CB629A308790065CE4B /* Build configuration list for PBXNativeTarget "Lokalise-iOS-DemoTests" */ = {
			isa = XCConfigurationList;
			buildConfigurations = (
				3C053CB729A308790065CE4B /* Debug */,
				3C053CB829A308790065CE4B /* Release */,
			);
			defaultConfigurationIsVisible = 0;
			defaultConfigurationName = Release;
		};
		3C053CB929A308790065CE4B /* Build configuration list for PBXNativeTarget "Lokalise-iOS-DemoUITests" */ = {
			isa = XCConfigurationList;
			buildConfigurations = (
				3C053CBA29A308790065CE4B /* Debug */,
				3C053CBB29A308790065CE4B /* Release */,
			);
			defaultConfigurationIsVisible = 0;
			defaultConfigurationName = Release;
		};
/* End XCConfigurationList section */

/* Begin XCRemoteSwiftPackageReference section */
		3C053CC429A30E500065CE4B /* XCRemoteSwiftPackageReference "FlexLayout" */ = {
			isa = XCRemoteSwiftPackageReference;
			repositoryURL = "https://github.com/layoutBox/FlexLayout.git";
			requirement = {
				kind = upToNextMajorVersion;
				minimumVersion = 1.0.0;
			};
		};
		3C053CC729A30EC20065CE4B /* XCRemoteSwiftPackageReference "PinLayout" */ = {
			isa = XCRemoteSwiftPackageReference;
			repositoryURL = "https://github.com/layoutBox/PinLayout";
			requirement = {
				kind = upToNextMajorVersion;
				minimumVersion = 1.0.0;
			};
		};
/* End XCRemoteSwiftPackageReference section */

/* Begin XCSwiftPackageProductDependency section */
		3C053CC529A30E500065CE4B /* FlexLayout */ = {
			isa = XCSwiftPackageProductDependency;
			package = 3C053CC429A30E500065CE4B /* XCRemoteSwiftPackageReference "FlexLayout" */;
			productName = FlexLayout;
		};
		3C053CC829A30EC20065CE4B /* PinLayout */ = {
			isa = XCSwiftPackageProductDependency;
			package = 3C053CC729A30EC20065CE4B /* XCRemoteSwiftPackageReference "PinLayout" */;
			productName = PinLayout;
		};
/* End XCSwiftPackageProductDependency section */
	};
	rootObject = 3C053C8129A308780065CE4B /* Project object */;
}
